
Microsoft Visual Studio Solution File, Format Version 11.00
# Visual Studio 2010
Project("{8BC9CEB8-8B4A-11D0-8D11-00A0C91BC942}") = "ctors", "ctors\ctors.vcxproj", "{0EF16F19-494B-4937-B438-B2E957321736}"
EndProject
Project("{8BC9CEB8-8B4A-11D0-8D11-00A0C91BC942}") = "datamems", "datamems\datamems.vcxproj", "{E641D5B5-B5A5-4E42-BD1F-238DC11BFF19}"
EndProject
Project("{8BC9CEB8-8B4A-11D0-8D11-00A0C91BC942}") = "props", "props\props.vcxproj", "{D5AC16D7-3ADE-4CA2-83AD-EE584BE53267}"
EndProject
Project("{8BC9CEB8-8B4A-11D0-8D11-00A0C91BC942}") = "inheritance", "inheritance\inheritance.vcxproj", "{2D398FFF-847B-43E1-B60D-CA9AC34E3BF5}"
EndProject
Project("{8BC9CEB8-8B4A-11D0-8D11-00A0C91BC942}") = "virfunc", "virfunc\virfunc.vcxproj", "{80BF0502-CAB2-409E-AAA8-152D6B9A4458}"
EndProject
Project("{8BC9CEB8-8B4A-11D0-8D11-00A0C91BC942}") = "pyebd", "pyebd\pyebd.vcxproj", "{E89251D5-80B1-4B62-9B1A-EC9EEF40B96E}"
EndProject
Project("{8BC9CEB8-8B4A-11D0-8D11-00A0C91BC942}") = "overloading", "overloading\overloading.vcxproj", "{0EF2F46D-9035-4AAB-B7BE-73BBA8AEECD0}"
EndProject
Project("{8BC9CEB8-8B4A-11D0-8D11-00A0C91BC942}") = "dargs", "dargs\dargs.vcxproj", "{C598D2A9-309D-4577-9DAF-529CD4632A31}"
EndProject
Global
	GlobalSection(SolutionConfigurationPlatforms) = preSolution
		Debug|Win32 = Debug|Win32
		Release|Win32 = Release|Win32
	EndGlobalSection
	GlobalSection(ProjectConfigurationPlatforms) = postSolution
		{0EF16F19-494B-4937-B438-B2E957321736}.Debug|Win32.ActiveCfg = Debug|Win32
		{0EF16F19-494B-4937-B438-B2E957321736}.Debug|Win32.Build.0 = Debug|Win32
		{0EF16F19-494B-4937-B438-B2E957321736}.Release|Win32.ActiveCfg = Release|Win32
		{0EF16F19-494B-4937-B438-B2E957321736}.Release|Win32.Build.0 = Release|Win32
		{E641D5B5-B5A5-4E42-BD1F-238DC11BFF19}.Debug|Win32.ActiveCfg = Debug|Win32
		{E641D5B5-B5A5-4E42-BD1F-238DC11BFF19}.Debug|Win32.Build.0 = Debug|Win32
		{E641D5B5-B5A5-4E42-BD1F-238DC11BFF19}.Release|Win32.ActiveCfg = Release|Win32
		{E641D5B5-B5A5-4E42-BD1F-238DC11BFF19}.Release|Win32.Build.0 = Release|Win32
		{D5AC16D7-3ADE-4CA2-83AD-EE584BE53267}.Debug|Win32.ActiveCfg = Debug|Win32
		{D5AC16D7-3ADE-4CA2-83AD-EE584BE53267}.Debug|Win32.Build.0 = Debug|Win32
		{D5AC16D7-3ADE-4CA2-83AD-EE584BE53267}.Release|Win32.ActiveCfg = Release|Win32
		{D5AC16D7-3ADE-4CA2-83AD-EE584BE53267}.Release|Win32.Build.0 = Release|Win32
		{2D398FFF-847B-43E1-B60D-CA9AC34E3BF5}.Debug|Win32.ActiveCfg = Debug|Win32
		{2D398FFF-847B-43E1-B60D-CA9AC34E3BF5}.Debug|Win32.Build.0 = Debug|Win32
		{2D398FFF-847B-43E1-B60D-CA9AC34E3BF5}.Release|Win32.ActiveCfg = Release|Win32
		{2D398FFF-847B-43E1-B60D-CA9AC34E3BF5}.Release|Win32.Build.0 = Release|Win32
		{80BF0502-CAB2-409E-AAA8-152D6B9A4458}.Debug|Win32.ActiveCfg = Debug|Win32
		{80BF0502-CAB2-409E-AAA8-152D6B9A4458}.Debug|Win32.Build.0 = Debug|Win32
		{80BF0502-CAB2-409E-AAA8-152D6B9A4458}.Release|Win32.ActiveCfg = Release|Win32
		{80BF0502-CAB2-409E-AAA8-152D6B9A4458}.Release|Win32.Build.0 = Release|Win32
		{E89251D5-80B1-4B62-9B1A-EC9EEF40B96E}.Debug|Win32.ActiveCfg = Debug|Win32
		{E89251D5-80B1-4B62-9B1A-EC9EEF40B96E}.Debug|Win32.Build.0 = Debug|Win32
		{E89251D5-80B1-4B62-9B1A-EC9EEF40B96E}.Release|Win32.ActiveCfg = Release|Win32
		{E89251D5-80B1-4B62-9B1A-EC9EEF40B96E}.Release|Win32.Build.0 = Release|Win32
		{0EF2F46D-9035-4AAB-B7BE-73BBA8AEECD0}.Debug|Win32.ActiveCfg = Debug|Win32
		{0EF2F46D-9035-4AAB-B7BE-73BBA8AEECD0}.Debug|Win32.Build.0 = Debug|Win32
		{0EF2F46D-9035-4AAB-B7BE-73BBA8AEECD0}.Release|Win32.ActiveCfg = Release|Win32
		{0EF2F46D-9035-4AAB-B7BE-73BBA8AEECD0}.Release|Win32.Build.0 = Release|Win32
		{C598D2A9-309D-4577-9DAF-529CD4632A31}.Debug|Win32.ActiveCfg = Debug|Win32
		{C598D2A9-309D-4577-9DAF-529CD4632A31}.Debug|Win32.Build.0 = Debug|Win32
		{C598D2A9-309D-4577-9DAF-529CD4632A31}.Release|Win32.ActiveCfg = Release|Win32
		{C598D2A9-309D-4577-9DAF-529CD4632A31}.Release|Win32.Build.0 = Release|Win32
	EndGlobalSection
	GlobalSection(SolutionProperties) = preSolution
		HideSolutionNode = FALSE
	EndGlobalSection
EndGlobal
